
Microsoft Visual Studio Solution File, Format Version 12.00
# Visual Studio Version 17
VisualStudioVersion = 17.7.34202.233
MinimumVisualStudioVersion = 10.0.40219.1
Project("{FAE04EC0-301F-11D3-BF4B-00C04F79EFBC}") = "Calculator", "Calculator\Calculator.csproj", "{43983D2D-3454-4992-9BC5-5A1E61A2ADA6}"
EndProject
Global
	GlobalSection(SolutionConfigurationPlatforms) = preSolution
		Debug|Any CPU = Debug|Any CPU
		Release|Any CPU = Release|Any CPU
	EndGlobalSection
	GlobalSection(ProjectConfigurationPlatforms) = postSolution
		{43983D2D-3454-4992-9BC5-5A1E61A2ADA6}.Debug|Any CPU.ActiveCfg = Debug|Any CPU
		{43983D2D-3454-4992-9BC5-5A1E61A2ADA6}.Debug|Any CPU.Build.0 = Debug|Any CPU
		{43983D2D-3454-4992-9BC5-5A1E61A2ADA6}.Release|Any CPU.ActiveCfg = Release|Any CPU
		{43983D2D-3454-4992-9BC5-5A1E61A2ADA6}.Release|Any CPU.Build.0 = Release|Any CPU
	EndGlobalSection
	GlobalSection(SolutionProperties) = preSolution
		HideSolutionNode = FALSE
	EndGlobalSection
	GlobalSection(ExtensibilityGlobals) = postSolution
		SolutionGuid = {019E7E43-1BBF-4D4C-A4A9-085ECA307127}
	EndGlobalSection
EndGlobal
